
Microsoft Visual Studio Solution File, Format Version 12.00
# Visual Studio Version 17
VisualStudioVersion = 17.8.34408.163
MinimumVisualStudioVersion = 10.0.40219.1
Project("{FAE04EC0-301F-11D3-BF4B-00C04F79EFBC}") = "CopyToSapApproved", "CopyToSapApproved\CopyToSapApproved.csproj", "{1C7C8E9E-4611-40D7-BEDB-336D75477B8F}"
EndProject
Global
	GlobalSection(SolutionConfigurationPlatforms) = preSolution
		Debug|Any CPU = Debug|Any CPU
		Release|Any CPU = Release|Any CPU
	EndGlobalSection
	GlobalSection(ProjectConfigurationPlatforms) = postSolution
		{1C7C8E9E-4611-40D7-BEDB-336D75477B8F}.Debug|Any CPU.ActiveCfg = Debug|Any CPU
		{1C7C8E9E-4611-40D7-BEDB-336D75477B8F}.Debug|Any CPU.Build.0 = Debug|Any CPU
		{1C7C8E9E-4611-40D7-BEDB-336D75477B8F}.Release|Any CPU.ActiveCfg = Release|Any CPU
		{1C7C8E9E-4611-40D7-BEDB-336D75477B8F}.Release|Any CPU.Build.0 = Release|Any CPU
	EndGlobalSection
	GlobalSection(SolutionProperties) = preSolution
		HideSolutionNode = FALSE
	EndGlobalSection
	GlobalSection(ExtensibilityGlobals) = postSolution
		SolutionGuid = {84DBA16A-D07B-4140-9377-958116436D08}
	EndGlobalSection
EndGlobal
